
Microsoft Visual Studio Solution File, Format Version 12.00
# Visual Studio Version 16
VisualStudioVersion = 16.0.32901.82
MinimumVisualStudioVersion = 10.0.40219.1
Project("{F184B08F-C81C-45F6-A57F-5ABD9991F28F}") = "Ejercicio1", "Ejercicio1\Ejercicio1.vbproj", "{93C1BAF8-6A57-43B3-81D6-766C1DA9427C}"
EndProject
Global
	GlobalSection(SolutionConfigurationPlatforms) = preSolution
		Debug|Any CPU = Debug|Any CPU
		Release|Any CPU = Release|Any CPU
	EndGlobalSection
	GlobalSection(ProjectConfigurationPlatforms) = postSolution
		{93C1BAF8-6A57-43B3-81D6-766C1DA9427C}.Debug|Any CPU.ActiveCfg = Debug|Any CPU
		{93C1BAF8-6A57-43B3-81D6-766C1DA9427C}.Debug|Any CPU.Build.0 = Debug|Any CPU
		{93C1BAF8-6A57-43B3-81D6-766C1DA9427C}.Release|Any CPU.ActiveCfg = Release|Any CPU
		{93C1BAF8-6A57-43B3-81D6-766C1DA9427C}.Release|Any CPU.Build.0 = Release|Any CPU
	EndGlobalSection
	GlobalSection(SolutionProperties) = preSolution
		HideSolutionNode = FALSE
	EndGlobalSection
	GlobalSection(ExtensibilityGlobals) = postSolution
		SolutionGuid = {E80AFD11-C2E2-4526-AB01-4BD577414D68}
	EndGlobalSection
EndGlobal
